<?xml version="1.0" encoding="utf-8"?>
<Project ToolsVersion="4.0" xmlns="http://schemas.microsoft.com/developer/msbuild/2003">
  <ItemGroup>
    <ClCompile Include="..\common\qdver.cpp">
      <Filter>common</Filter>
    </ClCompile>
    <ClCompile Include="..\common\utils.cpp">
      <Filter>common</Filter>
    </ClCompile>
    <ClCompile Include="..\libusb\source\qcom-libusb.cpp">
      <Filter>Libusb</Filter>
    </ClCompile>
    <ClCompile Include="QdIoQmi.cpp">
      <Filter>qds_win</Filter>
    </ClCompile>
    <ClCompile Include="scandev.cpp">
      <Filter>qds_win</Filter>
    </ClCompile>
    <ClCompile Include="..\libusb\source\libusb-dynamic-loader.cpp">
      <Filter>Libusb</Filter>
    </ClCompile>
  </ItemGroup>
  <ItemGroup>
    <ClInclude Include="..\common\qdver.h">
      <Filter>common</Filter>
    </ClInclude>
    <ClInclude Include="..\common\utils.h">
      <Filter>common</Filter>
    </ClInclude>
    <ClInclude Include="..\libusb\source\qcom-libusb.h">
      <Filter>Libusb</Filter>
    </ClInclude>
    <ClInclude Include="QdIoQmi.h">
      <Filter>qds_win</Filter>
    </ClInclude>
    <ClInclude Include="qdpublic.h">
      <Filter>qds_win</Filter>
    </ClInclude>
    <ClInclude Include="scandev.h">
      <Filter>qds_win</Filter>
    </ClInclude>
    <ClInclude Include="..\libusb\source\libusb-dynamic-loader.h">
      <Filter>Libusb</Filter>
    </ClInclude>
  </ItemGroup>
  <ItemGroup>
    <Filter Include="common">
      <UniqueIdentifier>{ca182bc6-f32e-49e5-8544-11a21985a5d8}</UniqueIdentifier>
    </Filter>
    <Filter Include="Libusb">
      <UniqueIdentifier>{01bd6cae-69da-47b3-a96e-4cb48fd4c763}</UniqueIdentifier>
    </Filter>
    <Filter Include="qds_win">
      <UniqueIdentifier>{e24ca5fc-ed89-4059-9e21-03dbb207ef17}</UniqueIdentifier>
    </Filter>
  </ItemGroup>
</Project>